<?xml version="1.0" encoding="utf-8"?>
<Project ToolsVersion="4.0" xmlns="http://schemas.microsoft.com/developer/msbuild/2003">
  <ItemGroup>
    <Filter Include="cegui">
      <UniqueIdentifier>{286fa469-5a68-443e-b198-8d5d38f5cac5}</UniqueIdentifier>
    </Filter>
    <Filter Include="cegui\src">
      <UniqueIdentifier>{db7653b0-297d-4a0b-af39-05e71ac09fb6}</UniqueIdentifier>
    </Filter>
    <Filter Include="cegui\src\XMLParserModules">
      <UniqueIdentifier>{35430153-7bcf-432d-94d0-7435830293c6}</UniqueIdentifier>
    </Filter>
    <Filter Include="cegui\src\XMLParserModules\expatParser">
      <UniqueIdentifier>{fca8214c-c092-4390-8a52-b045dc1b3337}</UniqueIdentifier>
    </Filter>
    <Filter Include="cegui\include">
      <UniqueIdentifier>{c039f4cf-8048-413f-beeb-48debb3879c5}</UniqueIdentifier>
    </Filter>
    <Filter Include="cegui\include\XMLParserModules">
      <UniqueIdentifier>{54a346aa-acb4-4902-8ca8-8f4f4bce954d}</UniqueIdentifier>
    </Filter>
    <Filter Include="cegui\include\XMLParserModules\expatParser">
      <UniqueIdentifier>{ee3acf72-e378-4f0e-a967-c3f583bee435}</UniqueIdentifier>
    </Filter>
  </ItemGroup>
  <ItemGroup>
    <ClCompile Include="..\..\..\..\cegui\src\XMLParserModules\expatParser\CEGUIExpatParser.cpp">
      <Filter>cegui\src\XMLParserModules\expatParser</Filter>
    </ClCompile>
    <ClCompile Include="..\..\..\..\cegui\src\XMLParserModules\expatParser\CEGUIExpatParserModule.cpp">
      <Filter>cegui\src\XMLParserModules\expatParser</Filter>
    </ClCompile>
  </ItemGroup>
  <ItemGroup>
    <ClInclude Include="..\..\..\..\cegui\include\XMLParserModules\expatParser\CEGUIExpatParser.h">
      <Filter>cegui\include\XMLParserModules\expatParser</Filter>
    </ClInclude>
    <ClInclude Include="..\..\..\..\cegui\include\XMLParserModules\expatParser\CEGUIExpatParserModule.h">
      <Filter>cegui\include\XMLParserModules\expatParser</Filter>
    </ClInclude>
  </ItemGroup>
</Project>