<?xml version="1.0" encoding="utf-8"?>
<Project ToolsVersion="4.0" xmlns="http://schemas.microsoft.com/developer/msbuild/2003">
  <ItemGroup>
    <Filter Include="cegui">
      <UniqueIdentifier>{abe15fdc-ed73-4ac8-a24d-df4f39d79b55}</UniqueIdentifier>
    </Filter>
    <Filter Include="cegui\src">
      <UniqueIdentifier>{d84643de-c329-4c55-b42b-d0534fe3a2c7}</UniqueIdentifier>
    </Filter>
    <Filter Include="cegui\src\ScriptingModules">
      <UniqueIdentifier>{1017e3a7-9a80-4bd5-a8c5-4e38d404790b}</UniqueIdentifier>
    </Filter>
    <Filter Include="cegui\src\ScriptingModules\LuaScriptModule">
      <UniqueIdentifier>{07dae83b-9f8f-4015-9079-8cb246d5ef25}</UniqueIdentifier>
    </Filter>
    <Filter Include="cegui\src\ScriptingModules\LuaScriptModule\support">
      <UniqueIdentifier>{b5191ee3-8698-4987-b1e7-06ba11539d4c}</UniqueIdentifier>
    </Filter>
    <Filter Include="cegui\src\ScriptingModules\LuaScriptModule\support\tolua++">
      <UniqueIdentifier>{e49fd9cd-acb5-4202-a5ee-d8bed8d68133}</UniqueIdentifier>
    </Filter>
    <Filter Include="cegui\include">
      <UniqueIdentifier>{b39d7ee5-2a8e-4ee7-9aa4-1871dd5fec4f}</UniqueIdentifier>
    </Filter>
    <Filter Include="cegui\include\ScriptingModules">
      <UniqueIdentifier>{95146833-e24f-44ad-8c19-eda9bc0b77f9}</UniqueIdentifier>
    </Filter>
    <Filter Include="cegui\include\ScriptingModules\LuaScriptModule">
      <UniqueIdentifier>{1f99cebb-6fdc-4e3f-9ec3-aa24b4e8ac0e}</UniqueIdentifier>
    </Filter>
    <Filter Include="cegui\include\ScriptingModules\LuaScriptModule\support">
      <UniqueIdentifier>{f89562e3-d986-414c-867f-c0bd9b29f037}</UniqueIdentifier>
    </Filter>
    <Filter Include="cegui\include\ScriptingModules\LuaScriptModule\support\tolua++">
      <UniqueIdentifier>{819c3004-00dd-41b2-9b78-f86339dda772}</UniqueIdentifier>
    </Filter>
  </ItemGroup>
  <ItemGroup>
    <ClCompile Include="..\..\..\..\..\..\cegui\src\ScriptingModules\LuaScriptModule\support\tolua++\tolua_event.c">
      <Filter>cegui\src\ScriptingModules\LuaScriptModule\support\tolua++</Filter>
    </ClCompile>
    <ClCompile Include="..\..\..\..\..\..\cegui\src\ScriptingModules\LuaScriptModule\support\tolua++\tolua_is.c">
      <Filter>cegui\src\ScriptingModules\LuaScriptModule\support\tolua++</Filter>
    </ClCompile>
    <ClCompile Include="..\..\..\..\..\..\cegui\src\ScriptingModules\LuaScriptModule\support\tolua++\tolua_map.c">
      <Filter>cegui\src\ScriptingModules\LuaScriptModule\support\tolua++</Filter>
    </ClCompile>
    <ClCompile Include="..\..\..\..\..\..\cegui\src\ScriptingModules\LuaScriptModule\support\tolua++\tolua_push.c">
      <Filter>cegui\src\ScriptingModules\LuaScriptModule\support\tolua++</Filter>
    </ClCompile>
    <ClCompile Include="..\..\..\..\..\..\cegui\src\ScriptingModules\LuaScriptModule\support\tolua++\tolua_to.c">
      <Filter>cegui\src\ScriptingModules\LuaScriptModule\support\tolua++</Filter>
    </ClCompile>
  </ItemGroup>
  <ItemGroup>
    <ClInclude Include="..\..\..\..\..\..\cegui\src\ScriptingModules\LuaScriptModule\support\tolua++\tolua_event.h">
      <Filter>cegui\src\ScriptingModules\LuaScriptModule\support\tolua++</Filter>
    </ClInclude>
    <ClInclude Include="..\..\..\..\..\..\cegui\include\ScriptingModules\LuaScriptModule\support\tolua++\tolua++.h">
      <Filter>cegui\include\ScriptingModules\LuaScriptModule\support\tolua++</Filter>
    </ClInclude>
  </ItemGroup>
</Project>