<?xml version="1.0" encoding="utf-8"?>
<Project ToolsVersion="4.0" xmlns="http://schemas.microsoft.com/developer/msbuild/2003">
  <ItemGroup>
    <Filter Include="cegui">
      <UniqueIdentifier>{e9b38b78-8f82-4421-beaf-11a69764a1fb}</UniqueIdentifier>
    </Filter>
    <Filter Include="cegui\src">
      <UniqueIdentifier>{37efc5da-6faf-4d1d-9f6b-3f88db2dbc4f}</UniqueIdentifier>
    </Filter>
    <Filter Include="cegui\src\ScriptingModules">
      <UniqueIdentifier>{bc6e04a8-a308-4322-b1bd-e872b1b9ce9d}</UniqueIdentifier>
    </Filter>
    <Filter Include="cegui\src\ScriptingModules\LuaScriptModule">
      <UniqueIdentifier>{746bbe4a-89ad-4a76-8185-c2e886d49bad}</UniqueIdentifier>
    </Filter>
    <Filter Include="cegui\include">
      <UniqueIdentifier>{dd30893e-2e6e-49b6-b6fe-c1977c4619f6}</UniqueIdentifier>
    </Filter>
    <Filter Include="cegui\include\ScriptingModules">
      <UniqueIdentifier>{6f14a253-25ad-4b75-8527-a66bcad5eb87}</UniqueIdentifier>
    </Filter>
    <Filter Include="cegui\include\ScriptingModules\LuaScriptModule">
      <UniqueIdentifier>{7ff8a4cf-3ea3-4b04-be69-0e864bda3700}</UniqueIdentifier>
    </Filter>
  </ItemGroup>
  <ItemGroup>
    <ClCompile Include="..\..\..\..\cegui\src\ScriptingModules\LuaScriptModule\CEGUILua.cpp">
      <Filter>cegui\src\ScriptingModules\LuaScriptModule</Filter>
    </ClCompile>
    <ClCompile Include="..\..\..\..\cegui\src\ScriptingModules\LuaScriptModule\CEGUILuaFunctor.cpp">
      <Filter>cegui\src\ScriptingModules\LuaScriptModule</Filter>
    </ClCompile>
    <ClCompile Include="..\..\..\..\cegui\src\ScriptingModules\LuaScriptModule\lua_CEGUI.cpp">
      <Filter>cegui\src\ScriptingModules\LuaScriptModule</Filter>
    </ClCompile>
    <ClCompile Include="..\..\..\..\cegui\src\ScriptingModules\LuaScriptModule\required.cpp">
      <Filter>cegui\src\ScriptingModules\LuaScriptModule</Filter>
    </ClCompile>
  </ItemGroup>
  <ItemGroup>
    <ClInclude Include="..\..\..\..\cegui\src\ScriptingModules\LuaScriptModule\required.h">
      <Filter>cegui\src\ScriptingModules\LuaScriptModule</Filter>
    </ClInclude>
    <ClInclude Include="..\..\..\..\cegui\include\ScriptingModules\LuaScriptModule\CEGUILua.h">
      <Filter>cegui\include\ScriptingModules\LuaScriptModule</Filter>
    </ClInclude>
    <ClInclude Include="..\..\..\..\cegui\include\ScriptingModules\LuaScriptModule\CEGUILuaFunctor.h">
      <Filter>cegui\include\ScriptingModules\LuaScriptModule</Filter>
    </ClInclude>
  </ItemGroup>
</Project>