<?xml version="1.0" encoding="utf-8"?>
<Project ToolsVersion="4.0" xmlns="http://schemas.microsoft.com/developer/msbuild/2003">
  <ItemGroup>
    <Filter Include="cegui">
      <UniqueIdentifier>{2c724ea8-c150-4c49-a0f2-6428112bdc94}</UniqueIdentifier>
    </Filter>
    <Filter Include="cegui\src">
      <UniqueIdentifier>{e4919815-2916-4431-be91-72289a096de8}</UniqueIdentifier>
    </Filter>
    <Filter Include="cegui\src\ImageCodecModules">
      <UniqueIdentifier>{b8edff05-2260-4d75-bd45-017075e2db2c}</UniqueIdentifier>
    </Filter>
    <Filter Include="cegui\src\ImageCodecModules\TGAImageCodec">
      <UniqueIdentifier>{8d9b5830-6be8-4e43-baf1-0570fef0db66}</UniqueIdentifier>
    </Filter>
    <Filter Include="cegui\include">
      <UniqueIdentifier>{2d5832cf-6289-428e-a477-b93424f6c2b0}</UniqueIdentifier>
    </Filter>
    <Filter Include="cegui\include\ImageCodecModules">
      <UniqueIdentifier>{37c7ab53-5449-4e3d-a6ed-eab36d435f85}</UniqueIdentifier>
    </Filter>
    <Filter Include="cegui\include\ImageCodecModules\TGAImageCodec">
      <UniqueIdentifier>{9060229b-5b1b-42e5-a035-21440aac5cb7}</UniqueIdentifier>
    </Filter>
  </ItemGroup>
  <ItemGroup>
    <ClCompile Include="..\..\..\..\cegui\src\ImageCodecModules\TGAImageCodec\CEGUITGAImageCodec.cpp">
      <Filter>cegui\src\ImageCodecModules\TGAImageCodec</Filter>
    </ClCompile>
    <ClCompile Include="..\..\..\..\cegui\src\ImageCodecModules\TGAImageCodec\CEGUITGAImageCodecModule.cpp">
      <Filter>cegui\src\ImageCodecModules\TGAImageCodec</Filter>
    </ClCompile>
  </ItemGroup>
  <ItemGroup>
    <ClInclude Include="..\..\..\..\cegui\include\ImageCodecModules\TGAImageCodec\CEGUITGAImageCodec.h">
      <Filter>cegui\include\ImageCodecModules\TGAImageCodec</Filter>
    </ClInclude>
    <ClInclude Include="..\..\..\..\cegui\include\ImageCodecModules\TGAImageCodec\CEGUITGAImageCodecModule.h">
      <Filter>cegui\include\ImageCodecModules\TGAImageCodec</Filter>
    </ClInclude>
  </ItemGroup>
</Project>